<?xml version="1.0" encoding="utf-8"?>
<Project ToolsVersion="4.0" xmlns="http://schemas.microsoft.com/developer/msbuild/2003">
  <ItemGroup>
    <Filter Include="리소스 파일">
      <UniqueIdentifier>{67DA6AB6-F800-4c08-8B7A-83BB121AAD01}</UniqueIdentifier>
      <Extensions>rc;ico;cur;bmp;dlg;rc2;rct;bin;rgs;gif;jpg;jpeg;jpe;resx;tiff;tif;png;wav;mfcribbon-ms</Extensions>
    </Filter>
    <Filter Include="High Level Interface">
      <UniqueIdentifier>{e5b19efd-e91f-4264-989f-71a20b27cd1b}</UniqueIdentifier>
    </Filter>
    <Filter Include="Manager">
      <UniqueIdentifier>{6a6c6e38-ed51-4bbd-af78-4b8590590939}</UniqueIdentifier>
    </Filter>
    <Filter Include="Object">
      <UniqueIdentifier>{da6a28e1-96a3-4771-9af8-568b86ecd633}</UniqueIdentifier>
    </Filter>
    <Filter Include="main">
      <UniqueIdentifier>{2438e409-d7aa-4646-b531-b21353eed119}</UniqueIdentifier>
    </Filter>
    <Filter Include="Common">
      <UniqueIdentifier>{93b74044-b0d1-44eb-b055-826a38d77838}</UniqueIdentifier>
    </Filter>
    <Filter Include="Scene">
      <UniqueIdentifier>{d634d47d-626a-49fa-806b-c95baa2363e8}</UniqueIdentifier>
    </Filter>
    <Filter Include="Resource">
      <UniqueIdentifier>{79a7f202-1029-4e8a-a511-2abca6581eac}</UniqueIdentifier>
    </Filter>
    <Filter Include="Component">
      <UniqueIdentifier>{4d3f98d5-9de6-4a73-97de-cce34bb4c21b}</UniqueIdentifier>
    </Filter>
    <Filter Include="Object\Base">
      <UniqueIdentifier>{3686f06c-0ef3-4e74-b1f7-8ddc74ba202a}</UniqueIdentifier>
    </Filter>
    <Filter Include="Scene\Base">
      <UniqueIdentifier>{bd348888-5e97-439b-bec6-a3fadf2bb619}</UniqueIdentifier>
    </Filter>
    <Filter Include="Component\Base">
      <UniqueIdentifier>{1f99fafb-1eb8-453c-974c-078f8c9bd97c}</UniqueIdentifier>
    </Filter>
  </ItemGroup>
  <ItemGroup>
    <ClInclude Include="Client.h">
      <Filter>main</Filter>
    </ClInclude>
    <ClInclude Include="framework.h">
      <Filter>main</Filter>
    </ClInclude>
    <ClInclude Include="Resource.h">
      <Filter>main</Filter>
    </ClInclude>
    <ClInclude Include="targetver.h">
      <Filter>main</Filter>
    </ClInclude>
    <ClInclude Include="Common.h">
      <Filter>Common</Filter>
    </ClInclude>
    <ClInclude Include="yaEntity.h">
      <Filter>Common</Filter>
    </ClInclude>
    <ClInclude Include="yaMath.h">
      <Filter>Common</Filter>
    </ClInclude>
    <ClInclude Include="def.h">
      <Filter>Common</Filter>
    </ClInclude>
    <ClInclude Include="yaLogoScene.h">
      <Filter>Scene</Filter>
    </ClInclude>
    <ClInclude Include="yaPlayer.h">
      <Filter>Object</Filter>
    </ClInclude>
    <ClInclude Include="yaResource.h">
      <Filter>Resource</Filter>
    </ClInclude>
    <ClInclude Include="yaMissile.h">
      <Filter>Object</Filter>
    </ClInclude>
    <ClInclude Include="yaImage.h">
      <Filter>Resource</Filter>
    </ClInclude>
    <ClInclude Include="yaApplication.h">
      <Filter>High Level Interface</Filter>
    </ClInclude>
    <ClInclude Include="yaCollider.h">
      <Filter>Component</Filter>
    </ClInclude>
    <ClInclude Include="yaAnimator.h">
      <Filter>Component</Filter>
    </ClInclude>
    <ClInclude Include="yaMonster.h">
      <Filter>Object</Filter>
    </ClInclude>
    <ClInclude Include="yaObject.h">
      <Filter>Object\Base</Filter>
    </ClInclude>
    <ClInclude Include="yaScene.h">
      <Filter>Scene\Base</Filter>
    </ClInclude>
    <ClInclude Include="yaComponent.h">
      <Filter>Component\Base</Filter>
    </ClInclude>
    <ClInclude Include="yaTime.h">
      <Filter>Manager</Filter>
    </ClInclude>
    <ClInclude Include="yaSceneManager.h">
      <Filter>Manager</Filter>
    </ClInclude>
    <ClInclude Include="yaResources.h">
      <Filter>Manager</Filter>
    </ClInclude>
    <ClInclude Include="yaPaths.h">
      <Filter>Manager</Filter>
    </ClInclude>
    <ClInclude Include="yaInputManager.h">
      <Filter>Manager</Filter>
    </ClInclude>
    <ClInclude Include="yaCollisionManager.h">
      <Filter>Manager</Filter>
    </ClInclude>
    <ClInclude Include="yaCamera.h">
      <Filter>Manager</Filter>
    </ClInclude>
  </ItemGroup>
  <ItemGroup>
    <ClCompile Include="yaApplication.cpp">
      <Filter>High Level Interface</Filter>
    </ClCompile>
    <ClCompile Include="main.cpp">
      <Filter>main</Filter>
    </ClCompile>
    <ClCompile Include="yaEntity.cpp">
      <Filter>Common</Filter>
    </ClCompile>
    <ClCompile Include="yaLogoScene.cpp">
      <Filter>Scene</Filter>
    </ClCompile>
    <ClCompile Include="yaPlayer.cpp">
      <Filter>Object</Filter>
    </ClCompile>
    <ClCompile Include="yaResource.cpp">
      <Filter>Resource</Filter>
    </ClCompile>
    <ClCompile Include="yaMissile.cpp">
      <Filter>Object</Filter>
    </ClCompile>
    <ClCompile Include="yaImage.cpp">
      <Filter>Resource</Filter>
    </ClCompile>
    <ClCompile Include="yaCollider.cpp">
      <Filter>Component</Filter>
    </ClCompile>
    <ClCompile Include="yaAnimator.cpp">
      <Filter>Component</Filter>
    </ClCompile>
    <ClCompile Include="yaMonster.cpp">
      <Filter>Object</Filter>
    </ClCompile>
    <ClCompile Include="yaObject.cpp">
      <Filter>Object\Base</Filter>
    </ClCompile>
    <ClCompile Include="yaScene.cpp">
      <Filter>Scene\Base</Filter>
    </ClCompile>
    <ClCompile Include="yaComponent.cpp">
      <Filter>Component\Base</Filter>
    </ClCompile>
    <ClCompile Include="yaTime.cpp">
      <Filter>Manager</Filter>
    </ClCompile>
    <ClCompile Include="yaSceneManager.cpp">
      <Filter>Manager</Filter>
    </ClCompile>
    <ClCompile Include="yaResources.cpp">
      <Filter>Manager</Filter>
    </ClCompile>
    <ClCompile Include="yaPaths.cpp">
      <Filter>Manager</Filter>
    </ClCompile>
    <ClCompile Include="yaInputManager.cpp">
      <Filter>Manager</Filter>
    </ClCompile>
    <ClCompile Include="yaCollisionManager.cpp">
      <Filter>Manager</Filter>
    </ClCompile>
    <ClCompile Include="yaCamera.cpp">
      <Filter>Manager</Filter>
    </ClCompile>
  </ItemGroup>
  <ItemGroup>
    <ResourceCompile Include="WindowAPI.rc">
      <Filter>리소스 파일</Filter>
    </ResourceCompile>
  </ItemGroup>
  <ItemGroup>
    <Image Include="small.ico">
      <Filter>리소스 파일</Filter>
    </Image>
    <Image Include="WindowAPI.ico">
      <Filter>리소스 파일</Filter>
    </Image>
  </ItemGroup>
</Project>