<?xml version="1.0" encoding="utf-8"?>
<Project ToolsVersion="4.0" xmlns="http://schemas.microsoft.com/developer/msbuild/2003">
  <ItemGroup>
    <Filter Include="리소스 파일">
      <UniqueIdentifier>{67DA6AB6-F800-4c08-8B7A-83BB121AAD01}</UniqueIdentifier>
      <Extensions>rc;ico;cur;bmp;dlg;rc2;rct;bin;rgs;gif;jpg;jpeg;jpe;resx;tiff;tif;png;wav;mfcribbon-ms</Extensions>
    </Filter>
    <Filter Include="High Level Interface">
      <UniqueIdentifier>{e5b19efd-e91f-4264-989f-71a20b27cd1b}</UniqueIdentifier>
    </Filter>
    <Filter Include="Manager">
      <UniqueIdentifier>{6a6c6e38-ed51-4bbd-af78-4b8590590939}</UniqueIdentifier>
    </Filter>
    <Filter Include="Manager\SceneManager">
      <UniqueIdentifier>{c9689551-8668-4465-87a7-018dc4225340}</UniqueIdentifier>
    </Filter>
    <Filter Include="Manager\ResourceManager">
      <UniqueIdentifier>{a366b132-c2d1-40ee-aa4c-7306b746e3f1}</UniqueIdentifier>
    </Filter>
    <Filter Include="Manager\PathManager">
      <UniqueIdentifier>{f3b8baef-cb70-42cc-9c22-d3a32f9f48b2}</UniqueIdentifier>
    </Filter>
    <Filter Include="Manager\TimeManager">
      <UniqueIdentifier>{3a338020-af97-402d-9f5d-98b10f892a4a}</UniqueIdentifier>
    </Filter>
    <Filter Include="Manager\InputManager">
      <UniqueIdentifier>{491e9ec5-0138-499e-9e89-b0272c1b14bd}</UniqueIdentifier>
    </Filter>
    <Filter Include="Manager\SoundManager">
      <UniqueIdentifier>{82fb22ac-53d8-48fd-b8c3-de4caae4492c}</UniqueIdentifier>
    </Filter>
    <Filter Include="Manager\CollisionManager">
      <UniqueIdentifier>{6cb2072e-9c2e-4f9b-aea3-524f87881d78}</UniqueIdentifier>
    </Filter>
    <Filter Include="Object">
      <UniqueIdentifier>{da6a28e1-96a3-4771-9af8-568b86ecd633}</UniqueIdentifier>
    </Filter>
    <Filter Include="main">
      <UniqueIdentifier>{2438e409-d7aa-4646-b531-b21353eed119}</UniqueIdentifier>
    </Filter>
    <Filter Include="Common">
      <UniqueIdentifier>{93b74044-b0d1-44eb-b055-826a38d77838}</UniqueIdentifier>
    </Filter>
    <Filter Include="Scene">
      <UniqueIdentifier>{d634d47d-626a-49fa-806b-c95baa2363e8}</UniqueIdentifier>
    </Filter>
  </ItemGroup>
  <ItemGroup>
    <ClInclude Include="yaApplication.h">
      <Filter>High Level Interface</Filter>
    </ClInclude>
    <ClInclude Include="Client.h">
      <Filter>main</Filter>
    </ClInclude>
    <ClInclude Include="framework.h">
      <Filter>main</Filter>
    </ClInclude>
    <ClInclude Include="Resource.h">
      <Filter>main</Filter>
    </ClInclude>
    <ClInclude Include="targetver.h">
      <Filter>main</Filter>
    </ClInclude>
    <ClInclude Include="Common.h">
      <Filter>Common</Filter>
    </ClInclude>
    <ClInclude Include="yaObject.h">
      <Filter>Object</Filter>
    </ClInclude>
    <ClInclude Include="yaEntity.h">
      <Filter>Common</Filter>
    </ClInclude>
    <ClInclude Include="yaMath.h">
      <Filter>Common</Filter>
    </ClInclude>
    <ClInclude Include="yaTime.h">
      <Filter>Manager\TimeManager</Filter>
    </ClInclude>
    <ClInclude Include="def.h">
      <Filter>Common</Filter>
    </ClInclude>
    <ClInclude Include="yaSceneManager.h">
      <Filter>Manager\SceneManager</Filter>
    </ClInclude>
    <ClInclude Include="yaScene.h">
      <Filter>Scene</Filter>
    </ClInclude>
    <ClInclude Include="yaLogoScene.h">
      <Filter>Scene</Filter>
    </ClInclude>
    <ClInclude Include="yaPlayer.h">
      <Filter>Object</Filter>
    </ClInclude>
    <ClInclude Include="yaInputManager.h">
      <Filter>Manager\InputManager</Filter>
    </ClInclude>
    <ClInclude Include="yaMissile.h" />
  </ItemGroup>
  <ItemGroup>
    <ClCompile Include="yaApplication.cpp">
      <Filter>High Level Interface</Filter>
    </ClCompile>
    <ClCompile Include="main.cpp">
      <Filter>main</Filter>
    </ClCompile>
    <ClCompile Include="yaObject.cpp">
      <Filter>Object</Filter>
    </ClCompile>
    <ClCompile Include="yaEntity.cpp">
      <Filter>Common</Filter>
    </ClCompile>
    <ClCompile Include="yaTime.cpp">
      <Filter>Manager\TimeManager</Filter>
    </ClCompile>
    <ClCompile Include="yaSceneManager.cpp">
      <Filter>Manager\SceneManager</Filter>
    </ClCompile>
    <ClCompile Include="yaScene.cpp">
      <Filter>Scene</Filter>
    </ClCompile>
    <ClCompile Include="yaLogoScene.cpp">
      <Filter>Scene</Filter>
    </ClCompile>
    <ClCompile Include="yaPlayer.cpp">
      <Filter>Object</Filter>
    </ClCompile>
    <ClCompile Include="yaInputManager.cpp">
      <Filter>Manager\InputManager</Filter>
    </ClCompile>
    <ClCompile Include="yaMissile.cpp" />
  </ItemGroup>
  <ItemGroup>
    <ResourceCompile Include="WindowAPI.rc">
      <Filter>리소스 파일</Filter>
    </ResourceCompile>
  </ItemGroup>
  <ItemGroup>
    <Image Include="small.ico">
      <Filter>리소스 파일</Filter>
    </Image>
    <Image Include="WindowAPI.ico">
      <Filter>리소스 파일</Filter>
    </Image>
  </ItemGroup>
</Project>